
Microsoft Visual Studio Solution File, Format Version 12.00
# Visual Studio 2012
Project("{FAE04EC0-301F-11D3-BF4B-00C04F79EFBC}") = "WebApplication1", "WebApplication1.csproj", "{B24F94B4-396D-4B07-BB2D-9B53F06DA2DE}"
EndProject
Global
	GlobalSection(SolutionConfigurationPlatforms) = preSolution
		Debug|Any CPU = Debug|Any CPU
		Release|Any CPU = Release|Any CPU
	EndGlobalSection
	GlobalSection(ProjectConfigurationPlatforms) = postSolution
		{B24F94B4-396D-4B07-BB2D-9B53F06DA2DE}.Debug|Any CPU.ActiveCfg = Debug|Any CPU
		{B24F94B4-396D-4B07-BB2D-9B53F06DA2DE}.Debug|Any CPU.Build.0 = Debug|Any CPU
		{B24F94B4-396D-4B07-BB2D-9B53F06DA2DE}.Release|Any CPU.ActiveCfg = Release|Any CPU
		{B24F94B4-396D-4B07-BB2D-9B53F06DA2DE}.Release|Any CPU.Build.0 = Release|Any CPU
	EndGlobalSection
	GlobalSection(SolutionProperties) = preSolution
		HideSolutionNode = FALSE
	EndGlobalSection
EndGlobal
